{
  "name": "@jeefo/template",
  "version": "0.0.1",
  "lockfileVersion": 1,
  "requires": true,
  "dependencies": {
    "@jeefo/publish": {
      "version": "0.0.31",
      "resolved": "https://registry.npmjs.org/@jeefo/publish/-/publish-0.0.31.tgz",
      "integrity": "sha512-VrpiuMOCpR2WC8e1+ZRQymbRaHOLOUubFkQ8/kRFmG64ZKMygYY202LdR+ICJ5VCP2SeXeqwXDvVQwG8b/RJ/A==",
      "dev": true
    },
    "@jeefo/tokenizer": {
      "version": "0.0.5",
      "resolved": "https://registry.npmjs.org/@jeefo/tokenizer/-/tokenizer-0.0.5.tgz",
      "integrity": "sha512-O34WzDHArAiFhzm+t3Dp2TGHRMC6hEhaPva1xhQEwY96M5KI5oQca9LXNwYa2X3vHR9/hchSXNxkY0yHmf9now==",
      "requires": {
        "@jeefo/utils": "0.0.4"
      }
    },
    "@jeefo/utils": {
      "version": "0.0.4",
      "resolved": "https://registry.npmjs.org/@jeefo/utils/-/utils-0.0.4.tgz",
      "integrity": "sha512-kOz++ed+dFui96Z5w8uzSWkKrqVQ5Nueggvjk0TXtUCGBpjgFWETJFaPN+z5mOqjtEy3wDW6pFtxzbWOQdPO/w=="
    }
  }
}
