{
  "name": "jeefo_template",
  "version": "0.0.20",
  "lockfileVersion": 1,
  "requires": true,
  "dependencies": {
    "jeefo_tokenizer": {
      "version": "0.0.37",
      "resolved": "https://registry.npmjs.org/jeefo_tokenizer/-/jeefo_tokenizer-0.0.37.tgz",
      "integrity": "sha512-wetCHajcR8Me+RYYC6dyQFj480f7XRU09tuxBgjMympFpYxfTtpzebhH8jrL5jTdzSUEYgw1ZpUUCWbucMSQwQ=="
    }
  }
}
